# THIS IS AN AUTOGENERATED FILE. DO NOT EDIT THIS FILE DIRECTLY.
# yarn lockfile v1


automerge-types@0.1.5:
  version "0.1.5"
  resolved "https://registry.yarnpkg.com/automerge-types/-/automerge-types-0.1.5.tgz#0341b949fe213278f8363d10d87b7fb5401e3f98"
  integrity sha512-UD7SB/Bh1DtT7dcF4+WqNrEpfsirfk/hM2tvu15uZlqG/P5Re5VuwREGypDyQPm6upe/gmiip5wCz9p4ihJG2g==

automerge-wasm@0.1.7:
  version "0.1.6"
  resolved "https://registry.yarnpkg.com/automerge-wasm/-/automerge-wasm-0.1.6.tgz#807b5694eb8f326a01cb18191a06fde152a426a5"
  integrity sha512-ct6lawSBR8+hdRGEK4Mj0sZhc5hPQMUW4lVUxlZkzpNoqLkxYAiXFgGvPQGazqUiHqnhQhsQ7N+3s4vJj+gZhA==
  dependencies:
    automerge-types "0.1.5"

automerge@^2.0.0-alpha.3:
  version "2.0.0-alpha.3"
  resolved "https://registry.yarnpkg.com/automerge/-/automerge-2.0.0-alpha.3.tgz#fbf539ccd8724de41f1ab648d2ed8b9b27c5705e"
  integrity sha512-yU1HTjwNcd30fDurnSBczdpmOl52lRc9126pSVfvX3OY3eHKbZQHUkV0Wbo2nKYSD3/9pg3wImkFrFFjNuh9GA==
  dependencies:
    automerge-wasm "0.1.7"
    uuid "^8.3"

uuid@^8.3:
  version "8.3.2"
  resolved "https://registry.yarnpkg.com/uuid/-/uuid-8.3.2.tgz#80d5b5ced271bb9af6c445f21a1a04c606cefbe2"
  integrity sha512-+NYs2QeMWy+GWFOEm9xnn6HCDp0l7QBD7ml8zLUmJ+93Q5NF0NocErnwkTkXVFNiX3/fpC6afS8Dhb/gz7R7eg==
